{
  "lockfileVersion": 2,
  "configVersion": 1,
  "workspaces": {
    "": {
      "name": "atmobb-happyview-oauth-trial",
      "dependencies": {
        "@atproto/api": "0.20.42",
        "@happyview/oauth-client": "1.4.2",
        "@happyview/oauth-client-node": "1.0.1",
      },
    },
  },
  "packages": {
    "@atproto-labs/did-resolver": ["@atproto-labs/did-resolver@0.2.6", "", { "dependencies": { "@atproto-labs/fetch": "0.2.3", "@atproto-labs/pipe": "0.1.1", "@atproto-labs/simple-store": "0.3.0", "@atproto-labs/simple-store-memory": "0.1.4", "@atproto/did": "0.3.0", "zod": "^3.23.8" } }, "sha512-2K1bC04nI2fmgNcvof+yA28IhGlpWn2JKYlPa7To9JTKI45FINCGkQSGiL2nyXlyzDJJ34fZ1aq6/IRFIOIiqg=="],

    "@atproto-labs/fetch": ["@atproto-labs/fetch@0.2.3", "", { "dependencies": { "@atproto-labs/pipe": "0.1.1" } }, "sha512-NZtbJOCbxKUFRFKMpamT38PUQMY0hX0p7TG5AEYOPhZKZEP7dHZ1K2s1aB8MdVH0qxmqX7nQleNrrvLf09Zfdw=="],

    "@atproto-labs/handle-resolver": ["@atproto-labs/handle-resolver@0.3.6", "", { "dependencies": { "@atproto-labs/simple-store": "0.3.0", "@atproto-labs/simple-store-memory": "0.1.4", "@atproto/did": "0.3.0", "zod": "^3.23.8" } }, "sha512-qnSTXvOBNj1EHhp2qTWSX8MS5q3AwYU5LKlt5fBvSbCjgmTr2j0URHCv+ydrwO55KvsojIkTMgeMOh4YuY4fCA=="],

    "@atproto-labs/pipe": ["@atproto-labs/pipe@0.1.1", "", {}, "sha512-hdNw2oUs2B6BN1lp+32pF7cp8EMKuIN5Qok2Vvv/aOpG/3tNSJ9YkvfI0k6Zd188LeDDYRUpYpxcoFIcGH/FNg=="],

    "@atproto-labs/simple-store": ["@atproto-labs/simple-store@0.3.0", "", {}, "sha512-nOb6ONKBRJHRlukW1sVawUkBqReLlLx6hT35VS3imaNPwiXDxLnTK7lxw3Lrl9k5yugSBDQAkZAq3MPTEFSUBQ=="],

    "@atproto-labs/simple-store-memory": ["@atproto-labs/simple-store-memory@0.1.4", "", { "dependencies": { "@atproto-labs/simple-store": "0.3.0", "lru-cache": "^10.2.0" } }, "sha512-3mKY4dP8I7yKPFj9VKpYyCRzGJOi5CEpOLPlRhoJyLmgs3J4RzDrjn323Oakjz2Aj2JzRU/AIvWRAZVhpYNJHw=="],

    "@atproto/api": ["@atproto/api@0.20.42", "", { "dependencies": { "@atproto/common-web": "^0.5.10", "@atproto/lexicon": "^0.7.12", "@atproto/syntax": "^0.7.5", "@atproto/xrpc": "^0.8.11", "await-lock": "^3.0.0", "multiformats": "^13.0.0", "tlds": "^1.234.0", "zod": "^3.23.8" } }, "sha512-x86WgkHFcNqDIo8gf52npc1KvFXlIPDLAJdIhiH1uUAwiQxDw8/WU0iH3pTl1OXMKkB93kwxG0ihx0fTi5FPbw=="],

    "@atproto/common-web": ["@atproto/common-web@0.5.14", "", { "dependencies": { "@atproto/lex-data": "^0.1.8", "@atproto/lex-json": "^0.1.7", "@atproto/syntax": "^0.7.6", "zod": "^3.23.8" } }, "sha512-eJEgJVI61n5t/ieluVOxaEl16hWKipvy60SWOLcISanOywvEW5MkOeeg4PVeYqntBvYn1ldZiNHDrFsEyt6+Jg=="],

    "@atproto/did": ["@atproto/did@0.3.0", "", { "dependencies": { "zod": "^3.23.8" } }, "sha512-raUPzUGegtW/6OxwCmM8bhZvuIMzxG5t9oWsth6Tp91Kb5fTnHV2h/KKNF1C82doeA4BdXCErTyg7ISwLbQkzA=="],

    "@atproto/jwk": ["@atproto/jwk@0.6.0", "", { "dependencies": { "multiformats": "^9.9.0", "zod": "^3.23.8" } }, "sha512-bDoJPvt7TrQVi/rBfBrSSpGykhtIriKxeYCYQTiPRKFfyRhbgpElF0wPXADjIswnbzZdOwbY63az4E/CFVT3Tw=="],

    "@atproto/jwk-jose": ["@atproto/jwk-jose@0.1.11", "", { "dependencies": { "@atproto/jwk": "0.6.0", "jose": "^5.2.0" } }, "sha512-i4Fnr2sTBYmMmHXl7NJh8GrCH+tDQEVWrcDMDnV5DjJfkgT17wIqvojIw9SNbSL4Uf0OtfEv6AgG0A+mgh8b5Q=="],

    "@atproto/jwk-webcrypto": ["@atproto/jwk-webcrypto@0.2.0", "", { "dependencies": { "@atproto/jwk": "0.6.0", "@atproto/jwk-jose": "0.1.11", "zod": "^3.23.8" } }, "sha512-UmgRrrEAkWvxwhlwe30UmDOdTEFidlIzBC7C3cCbeJMcBN1x8B3KH+crXrsTqfWQBG58mXgt8wgSK3Kxs2LhFg=="],

    "@atproto/lex-data": ["@atproto/lex-data@0.1.8", "", { "dependencies": { "multiformats": "^13.0.0", "tslib": "^2.8.1", "unicode-segmenter": "^0.14.0" } }, "sha512-RuCIPXGT9sesyPC0frQgpXGD9egucqRjDRqQ8SPXEp+C6bO6EiXA1cAxNw83F1kpTLhtt6AJUaH/s8u0N7ip7g=="],

    "@atproto/lex-json": ["@atproto/lex-json@0.1.7", "", { "dependencies": { "@atproto/lex-data": "^0.1.8", "tslib": "^2.8.1" } }, "sha512-4ABSfAkv+zLiPHvexZ7n/xR8wCLShbpEqcGxvniejZGsFrms980nl+BOaWPuU+OgLRNzpicMwSVOYDF6X62IHg=="],

    "@atproto/lexicon": ["@atproto/lexicon@0.7.16", "", { "dependencies": { "@atproto/common-web": "^0.5.14", "@atproto/syntax": "^0.7.6", "multiformats": "^13.0.0", "zod": "^3.23.8" } }, "sha512-iZ7LI/EfrQ++DAD4G4OrnB6tNHs+x3Qf5dxyXdLYOxjdjp5SjH2lipL/ecQxUMn9q/4eEkqEC0rvyx4eZd772w=="],

    "@atproto/syntax": ["@atproto/syntax@0.7.6", "", { "dependencies": { "iso-datestring-validator": "^2.2.2", "tslib": "^2.8.1" } }, "sha512-luKQTcWw1H1jLmYvX34ldBqNjz2orF082njmcF9fxbWTqVhsO+TpY0FHRKVPoV7dwL0Y3L16DNz1ma0LFGH25g=="],

    "@atproto/xrpc": ["@atproto/xrpc@0.8.15", "", { "dependencies": { "@atproto/lexicon": "^0.7.16", "zod": "^3.23.8" } }, "sha512-WEH4L1Sf9e5YiMDwBTCj3NOtDquB+AlWyQ/BpfRyLqNuYIOLcf3N2LXJodoap50KjG5j9SDLg3RmJ/Ack0t7jA=="],

    "@happyview/oauth-client": ["@happyview/oauth-client@1.4.2", "", { "dependencies": { "@atproto/jwk": "^0.6.0", "@atproto/jwk-webcrypto": "^0.2.0" } }, "sha512-bqJ5K40r7vapJjYcyJcFmL8SoY+rmkfFJOWwKIktY5BCMR6PbxTlMpUz9BJGakGPPJSwLbjcCyf0stqVUST4og=="],

    "@happyview/oauth-client-node": ["@happyview/oauth-client-node@1.0.1", "", { "dependencies": { "@atproto-labs/did-resolver": "^0.2.6", "@atproto-labs/handle-resolver": "^0.3.6", "@atproto/did": "^0.3.0", "@happyview/oauth-client": "^1.4.0" } }, "sha512-a79IcZZKx3OVnee9b5oYi8cav2j8gXz9VvyAccG+0ZpYjDFIUyLRVZxiAfQLT16LpmlscHBZRIi47sHzMy6row=="],

    "await-lock": ["await-lock@3.0.0", "", {}, "sha512-eO6fLiSnrJrMdjWMNK8zbVRXPs2TKJg78iKZd9wDpN3na5tcoV6EoeiOlMgk2QaAQ1gIrK1YuMsJHXWqz89tSA=="],

    "iso-datestring-validator": ["iso-datestring-validator@2.2.2", "", {}, "sha512-yLEMkBbLZTlVQqOnQ4FiMujR6T4DEcCb1xizmvXS+OxuhwcbtynoosRzdMA69zZCShCNAbi+gJ71FxZBBXx1SA=="],

    "jose": ["jose@5.10.0", "", {}, "sha512-s+3Al/p9g32Iq+oqXxkW//7jk2Vig6FF1CFqzVXoTUXt2qz89YWbL+OwS17NFYEvxC35n0FKeGO2LGYSxeM2Gg=="],

    "lru-cache": ["lru-cache@10.4.3", "", {}, "sha512-JNAzZcXrCt42VGLuYz0zfAzDfAvJWW6AfYlDBQyDV5DClI2m5sAmK+OIO7s59XfsRsWHp02jAJrRadPRGTt6SQ=="],

    "multiformats": ["multiformats@13.4.2", "", {}, "sha512-eh6eHCrRi1+POZ3dA+Dq1C6jhP1GNtr9CRINMb67OKzqW9I5DUuZM/3jLPlzhgpGeiNUlEGEbkCYChXMCc/8DQ=="],

    "tlds": ["tlds@1.261.0", "", { "bin": { "tlds": "bin.js" } }, "sha512-QXqwfEl9ddlGBaRFXIvNKK6OhipSiLXuRuLJX5DErz0o0Q0rYxulWLdFryTkV5PkdZct5iMInwYEGe/eR++1AA=="],

    "tslib": ["tslib@2.8.1", "", {}, "sha512-oJFu94HQb+KVduSUQL7wnpmqnfmLsOA/nAh6b6EH0wCEoK0/mPeXU6c3wKDV83MkOuHPRHtSXKKU99IBazS/2w=="],

    "unicode-segmenter": ["unicode-segmenter@0.14.5", "", {}, "sha512-jHGmj2LUuqDcX3hqY12Ql+uhUTn8huuxNZGq7GvtF6bSybzH3aFgedYu/KTzQStEgt1Ra2F3HxadNXsNjb3m3g=="],

    "zod": ["zod@3.25.76", "", {}, "sha512-gzUt/qt81nXsFGKIFcC3YnfEAx5NkunCfnDlvuBSSFS02bcXu4Lmea0AFIUwbLWxWPx3d9p8S5QoaujKcNQxcQ=="],

    "@atproto/jwk/multiformats": ["multiformats@9.9.0", "", {}, "sha512-HoMUjhH9T8DDBNT+6xzkrd9ga/XiBI4xLr58LJACwK6G3HTOPeMz4nB4KJs33L2BelrIJa7P0VuNaVF3hMYfjg=="],
  }
}
